
Microsoft Visual Studio Solution File, Format Version 12.00
# Visual Studio Version 16
VisualStudioVersion = 16.0.32002.261
MinimumVisualStudioVersion = 10.0.40219.1
Project("{FAE04EC0-301F-11D3-BF4B-00C04F79EFBC}") = "WillsWackyMapObjects", "WillsWackyMapObjects\WillsWackyMapObjects.csproj", "{B81627AD-B862-46C3-B4F9-298287A35558}"
EndProject
Project("{FAE04EC0-301F-11D3-BF4B-00C04F79EFBC}") = "WillsWackyMapObjectsEditor", "WillsWackyMapObjectsEditor\WillsWackyMapObjectsEditor.csproj", "{44F05BE2-DFC6-4421-9FE7-22F4E38DC106}"
EndProject
Global
	GlobalSection(SolutionConfigurationPlatforms) = preSolution
		Debug|Any CPU = Debug|Any CPU
		Release|Any CPU = Release|Any CPU
	EndGlobalSection
	GlobalSection(ProjectConfigurationPlatforms) = postSolution
		{B81627AD-B862-46C3-B4F9-298287A35558}.Debug|Any CPU.ActiveCfg = Debug|Any CPU
		{B81627AD-B862-46C3-B4F9-298287A35558}.Debug|Any CPU.Build.0 = Debug|Any CPU
		{B81627AD-B862-46C3-B4F9-298287A35558}.Release|Any CPU.ActiveCfg = Release|Any CPU
		{B81627AD-B862-46C3-B4F9-298287A35558}.Release|Any CPU.Build.0 = Release|Any CPU
		{44F05BE2-DFC6-4421-9FE7-22F4E38DC106}.Debug|Any CPU.ActiveCfg = Debug|Any CPU
		{44F05BE2-DFC6-4421-9FE7-22F4E38DC106}.Debug|Any CPU.Build.0 = Debug|Any CPU
		{44F05BE2-DFC6-4421-9FE7-22F4E38DC106}.Release|Any CPU.ActiveCfg = Release|Any CPU
		{44F05BE2-DFC6-4421-9FE7-22F4E38DC106}.Release|Any CPU.Build.0 = Release|Any CPU
	EndGlobalSection
	GlobalSection(SolutionProperties) = preSolution
		HideSolutionNode = FALSE
	EndGlobalSection
	GlobalSection(ExtensibilityGlobals) = postSolution
		SolutionGuid = {A5B32636-BA13-41E6-9E5C-B5BBEA11D1E3}
	EndGlobalSection
EndGlobal
